// !$*UTF8*$!
{
	archiveVersion = 1;
	classes = {
	};
	objectVersion = 46;
	objects = {

/* Begin PBXBuildFile section */
		9656B33118640014004B39E4 /* MyAVAudioPlayer.m in Sources */ = {isa = PBXBuildFile; fileRef = 9656B33018640014004B39E4 /* MyAVAudioPlayer.m */; };
		9656B334186411C0004B39E4 /* UITouch+FingerTouch.m in Sources */ = {isa = PBXBuildFile; fileRef = 9656B333186411C0004B39E4 /* UITouch+FingerTouch.m */; };
		965AE93F1862863700FF3D39 /* ina_anger.atlas in Resources */ = {isa = PBXBuildFile; fileRef = 965AE93A1862863700FF3D39 /* ina_anger.atlas */; };
		965AE9401862863700FF3D39 /* ina_cry.atlas in Resources */ = {isa = PBXBuildFile; fileRef = 965AE93B1862863700FF3D39 /* ina_cry.atlas */; };
		965AE9411862863700FF3D39 /* ina_happy_down.atlas in Resources */ = {isa = PBXBuildFile; fileRef = 965AE93C1862863700FF3D39 /* ina_happy_down.atlas */; };
		965AE9421862863700FF3D39 /* ina_head.atlas in Resources */ = {isa = PBXBuildFile; fileRef = 965AE93D1862863700FF3D39 /* ina_head.atlas */; };
		965AE9431862863700FF3D39 /* ina_high.atlas in Resources */ = {isa = PBXBuildFile; fileRef = 965AE93E1862863700FF3D39 /* ina_high.atlas */; };
		965AE9511862888900FF3D39 /* tomato_anger.atlas in Resources */ = {isa = PBXBuildFile; fileRef = 965AE94E1862888900FF3D39 /* tomato_anger.atlas */; };
		965AE9521862888900FF3D39 /* tomato_cry.atlas in Resources */ = {isa = PBXBuildFile; fileRef = 965AE94F1862888900FF3D39 /* tomato_cry.atlas */; };
		965AE956186288A100FF3D39 /* tomato_happy.atlas in Resources */ = {isa = PBXBuildFile; fileRef = 965AE954186288A100FF3D39 /* tomato_happy.atlas */; };
		965AE957186288A100FF3D39 /* tomato_surprise.atlas in Resources */ = {isa = PBXBuildFile; fileRef = 965AE955186288A100FF3D39 /* tomato_surprise.atlas */; };
		965AE95B1862895000FF3D39 /* onion_anger.atlas in Resources */ = {isa = PBXBuildFile; fileRef = 965AE9581862895000FF3D39 /* onion_anger.atlas */; };
		965AE95C1862895000FF3D39 /* onion_cry.atlas in Resources */ = {isa = PBXBuildFile; fileRef = 965AE9591862895000FF3D39 /* onion_cry.atlas */; };
		965AE95D1862895000FF3D39 /* onion_surprise.atlas in Resources */ = {isa = PBXBuildFile; fileRef = 965AE95A1862895000FF3D39 /* onion_surprise.atlas */; };
		965AE96118628A4500FF3D39 /* ballon_deceare.atlas in Resources */ = {isa = PBXBuildFile; fileRef = 965AE95E18628A4500FF3D39 /* ballon_deceare.atlas */; };
		965AE96218628A4500FF3D39 /* carrot_happy.atlas in Resources */ = {isa = PBXBuildFile; fileRef = 965AE95F18628A4500FF3D39 /* carrot_happy.atlas */; };
		965AE96818628A5100FF3D39 /* carrot_scare.atlas in Resources */ = {isa = PBXBuildFile; fileRef = 965AE96418628A5100FF3D39 /* carrot_scare.atlas */; };
		965AE96918628A5100FF3D39 /* carrot_surprise.atlas in Resources */ = {isa = PBXBuildFile; fileRef = 965AE96518628A5100FF3D39 /* carrot_surprise.atlas */; };
		965AE96B18628A5100FF3D39 /* cattot_next_ball.atlas in Resources */ = {isa = PBXBuildFile; fileRef = 965AE96718628A5100FF3D39 /* cattot_next_ball.atlas */; };
		965AE97218628AE000FF3D39 /* raddish_cry.atlas in Resources */ = {isa = PBXBuildFile; fileRef = 965AE96C18628AE000FF3D39 /* raddish_cry.atlas */; };
		965AE97318628AE000FF3D39 /* radish_eat_1.atlas in Resources */ = {isa = PBXBuildFile; fileRef = 965AE96D18628AE000FF3D39 /* radish_eat_1.atlas */; };
		965AE97418628AE000FF3D39 /* radish_eat_2.atlas in Resources */ = {isa = PBXBuildFile; fileRef = 965AE96E18628AE000FF3D39 /* radish_eat_2.atlas */; };
		965AE97518628AE000FF3D39 /* radish_eat_3.atlas in Resources */ = {isa = PBXBuildFile; fileRef = 965AE96F18628AE000FF3D39 /* radish_eat_3.atlas */; };
		965AE97618628AE000FF3D39 /* radish_happy_poor.atlas in Resources */ = {isa = PBXBuildFile; fileRef = 965AE97018628AE000FF3D39 /* radish_happy_poor.atlas */; };
		965AE97718628AE000FF3D39 /* radish_happy.atlas in Resources */ = {isa = PBXBuildFile; fileRef = 965AE97118628AE000FF3D39 /* radish_happy.atlas */; };
		965AE9791862961B00FF3D39 /* ball_kinds.atlas in Resources */ = {isa = PBXBuildFile; fileRef = 965AE9781862961B00FF3D39 /* ball_kinds.atlas */; };
		965AE97B1862967500FF3D39 /* cattot_happy_play.atlas in Resources */ = {isa = PBXBuildFile; fileRef = 965AE97A1862967500FF3D39 /* cattot_happy_play.atlas */; };
		965AE97D1862973900FF3D39 /* carrot_increase.atlas in Resources */ = {isa = PBXBuildFile; fileRef = 965AE97C1862973900FF3D39 /* carrot_increase.atlas */; };
		965AE980186297E600FF3D39 /* SKAction+Helper.m in Sources */ = {isa = PBXBuildFile; fileRef = 965AE97F186297E600FF3D39 /* SKAction+Helper.m */; };
		965AE98218629A1400FF3D39 /* tomato_fear.atlas in Resources */ = {isa = PBXBuildFile; fileRef = 965AE98118629A1400FF3D39 /* tomato_fear.atlas */; };
		965AE9911862B99900FF3D39 /* CornVeggiePage.m in Sources */ = {isa = PBXBuildFile; fileRef = 965AE9841862B99900FF3D39 /* CornVeggiePage.m */; };
		965AE9921862B99900FF3D39 /* CarotVeegiePage.m in Sources */ = {isa = PBXBuildFile; fileRef = 965AE9861862B99900FF3D39 /* CarotVeegiePage.m */; };
		965AE9931862B99900FF3D39 /* OnionVeggiePage.m in Sources */ = {isa = PBXBuildFile; fileRef = 965AE9881862B99900FF3D39 /* OnionVeggiePage.m */; };
		965AE9941862B99900FF3D39 /* TomotoVeggiePage.m in Sources */ = {isa = PBXBuildFile; fileRef = 965AE98A1862B99900FF3D39 /* TomotoVeggiePage.m */; };
		965AE9951862B99900FF3D39 /* PotatoVeggiePage.m in Sources */ = {isa = PBXBuildFile; fileRef = 965AE98C1862B99900FF3D39 /* PotatoVeggiePage.m */; };
		965AE9961862B99900FF3D39 /* RadishVeggiePage.m in Sources */ = {isa = PBXBuildFile; fileRef = 965AE98E1862B99900FF3D39 /* RadishVeggiePage.m */; };
		965AE9971862B99900FF3D39 /* CucumberVeggiePage.m in Sources */ = {isa = PBXBuildFile; fileRef = 965AE9901862B99900FF3D39 /* CucumberVeggiePage.m */; };
		967B21AB185EDE5000C16B8E /* Foundation.framework in Frameworks */ = {isa = PBXBuildFile; fileRef = 967B21AA185EDE5000C16B8E /* Foundation.framework */; };
		967B21AD185EDE5000C16B8E /* CoreGraphics.framework in Frameworks */ = {isa = PBXBuildFile; fileRef = 967B21AC185EDE5000C16B8E /* CoreGraphics.framework */; };
		967B21AF185EDE5000C16B8E /* UIKit.framework in Frameworks */ = {isa = PBXBuildFile; fileRef = 967B21AE185EDE5000C16B8E /* UIKit.framework */; };
		967B21B1185EDE5000C16B8E /* SpriteKit.framework in Frameworks */ = {isa = PBXBuildFile; fileRef = 967B21B0185EDE5000C16B8E /* SpriteKit.framework */; };
		967B21B7185EDE5000C16B8E /* InfoPlist.strings in Resources */ = {isa = PBXBuildFile; fileRef = 967B21B5185EDE5000C16B8E /* InfoPlist.strings */; };
		967B21B9185EDE5000C16B8E /* main.m in Sources */ = {isa = PBXBuildFile; fileRef = 967B21B8185EDE5000C16B8E /* main.m */; };
		967B21BD185EDE5000C16B8E /* AppDelegate.m in Sources */ = {isa = PBXBuildFile; fileRef = 967B21BC185EDE5000C16B8E /* AppDelegate.m */; };
		967B21C0185EDE5000C16B8E /* Main_iPhone.storyboard in Resources */ = {isa = PBXBuildFile; fileRef = 967B21BE185EDE5000C16B8E /* Main_iPhone.storyboard */; };
		967B21C3185EDE5000C16B8E /* Main_iPad.storyboard in Resources */ = {isa = PBXBuildFile; fileRef = 967B21C1185EDE5000C16B8E /* Main_iPad.storyboard */; };
		967B21C6185EDE5000C16B8E /* ViewController.m in Sources */ = {isa = PBXBuildFile; fileRef = 967B21C5185EDE5000C16B8E /* ViewController.m */; };
		967B21C9185EDE5000C16B8E /* MyScene.m in Sources */ = {isa = PBXBuildFile; fileRef = 967B21C8185EDE5000C16B8E /* MyScene.m */; };
		967B21CD185EDE5000C16B8E /* Images.xcassets in Resources */ = {isa = PBXBuildFile; fileRef = 967B21CC185EDE5000C16B8E /* Images.xcassets */; };
		967B21D4185EDE5000C16B8E /* XCTest.framework in Frameworks */ = {isa = PBXBuildFile; fileRef = 967B21D3185EDE5000C16B8E /* XCTest.framework */; };
		967B21D5185EDE5000C16B8E /* Foundation.framework in Frameworks */ = {isa = PBXBuildFile; fileRef = 967B21AA185EDE5000C16B8E /* Foundation.framework */; };
		967B21D6185EDE5000C16B8E /* UIKit.framework in Frameworks */ = {isa = PBXBuildFile; fileRef = 967B21AE185EDE5000C16B8E /* UIKit.framework */; };
		967B21DE185EDE5000C16B8E /* InfoPlist.strings in Resources */ = {isa = PBXBuildFile; fileRef = 967B21DC185EDE5000C16B8E /* InfoPlist.strings */; };
		967B21E0185EDE5000C16B8E /* ObidaoGameTests.m in Sources */ = {isa = PBXBuildFile; fileRef = 967B21DF185EDE5000C16B8E /* ObidaoGameTests.m */; };
		967B21F3185EDFF800C16B8E /* Emotion.m in Sources */ = {isa = PBXBuildFile; fileRef = 967B21EE185EDFF800C16B8E /* Emotion.m */; };
		967B21F4185EDFF800C16B8E /* Emotion.m in Sources */ = {isa = PBXBuildFile; fileRef = 967B21EE185EDFF800C16B8E /* Emotion.m */; };
		967B21F7185EDFF800C16B8E /* Inhabitant.m in Sources */ = {isa = PBXBuildFile; fileRef = 967B21F2185EDFF800C16B8E /* Inhabitant.m */; };
		967B21F8185EDFF800C16B8E /* Inhabitant.m in Sources */ = {isa = PBXBuildFile; fileRef = 967B21F2185EDFF800C16B8E /* Inhabitant.m */; };
		967B21FD185EE00B00C16B8E /* ObidaoIsland.m in Sources */ = {isa = PBXBuildFile; fileRef = 967B21FA185EE00B00C16B8E /* ObidaoIsland.m */; };
		967B21FE185EE00B00C16B8E /* ObidaoIsland.m in Sources */ = {isa = PBXBuildFile; fileRef = 967B21FA185EE00B00C16B8E /* ObidaoIsland.m */; };
		967B21FF185EE00B00C16B8E /* FingerMoveDirection.m in Sources */ = {isa = PBXBuildFile; fileRef = 967B21FC185EE00B00C16B8E /* FingerMoveDirection.m */; };
		967B2200185EE00B00C16B8E /* FingerMoveDirection.m in Sources */ = {isa = PBXBuildFile; fileRef = 967B21FC185EE00B00C16B8E /* FingerMoveDirection.m */; };
		967B220A185EE05200C16B8E /* CCSprite+SpriteTransparency.m in Sources */ = {isa = PBXBuildFile; fileRef = 967B2205185EE05200C16B8E /* CCSprite+SpriteTransparency.m */; };
		967B220B185EE05200C16B8E /* CCSprite+SpriteTransparency.m in Sources */ = {isa = PBXBuildFile; fileRef = 967B2205185EE05200C16B8E /* CCSprite+SpriteTransparency.m */; };
		967B221F185EE07800C16B8E /* CoordinateSystem.m in Sources */ = {isa = PBXBuildFile; fileRef = 967B2212185EE07800C16B8E /* CoordinateSystem.m */; };
		967B2220185EE07800C16B8E /* CoordinateSystem.m in Sources */ = {isa = PBXBuildFile; fileRef = 967B2212185EE07800C16B8E /* CoordinateSystem.m */; };
		967B2221185EE07800C16B8E /* ImageNameString.m in Sources */ = {isa = PBXBuildFile; fileRef = 967B2214185EE07800C16B8E /* ImageNameString.m */; };
		967B2222185EE07800C16B8E /* ImageNameString.m in Sources */ = {isa = PBXBuildFile; fileRef = 967B2214185EE07800C16B8E /* ImageNameString.m */; };
		967B2223185EE07800C16B8E /* MathTool.m in Sources */ = {isa = PBXBuildFile; fileRef = 967B2216185EE07800C16B8E /* MathTool.m */; };
		967B2224185EE07800C16B8E /* MathTool.m in Sources */ = {isa = PBXBuildFile; fileRef = 967B2216185EE07800C16B8E /* MathTool.m */; };
		967B2225185EE07800C16B8E /* ScreenScaleFactor.m in Sources */ = {isa = PBXBuildFile; fileRef = 967B2218185EE07800C16B8E /* ScreenScaleFactor.m */; };
		967B2226185EE07800C16B8E /* ScreenScaleFactor.m in Sources */ = {isa = PBXBuildFile; fileRef = 967B2218185EE07800C16B8E /* ScreenScaleFactor.m */; };
		967B2227185EE07800C16B8E /* SoundString.m in Sources */ = {isa = PBXBuildFile; fileRef = 967B221A185EE07800C16B8E /* SoundString.m */; };
		967B2228185EE07800C16B8E /* SoundString.m in Sources */ = {isa = PBXBuildFile; fileRef = 967B221A185EE07800C16B8E /* SoundString.m */; };
		967B222F185EE0E300C16B8E /* background_image_foxy_ipadhd@2x.png in Resources */ = {isa = PBXBuildFile; fileRef = 967B222B185EE0E300C16B8E /* background_image_foxy_ipadhd@2x.png */; };
		967B2230185EE0E300C16B8E /* background_image_foxy_ipadhd@2x.png in Resources */ = {isa = PBXBuildFile; fileRef = 967B222B185EE0E300C16B8E /* background_image_foxy_ipadhd@2x.png */; };
		967B2231185EE0E300C16B8E /* button_back_ipadhd@2x.png in Resources */ = {isa = PBXBuildFile; fileRef = 967B222C185EE0E300C16B8E /* button_back_ipadhd@2x.png */; };
		967B2232185EE0E300C16B8E /* button_back_ipadhd@2x.png in Resources */ = {isa = PBXBuildFile; fileRef = 967B222C185EE0E300C16B8E /* button_back_ipadhd@2x.png */; };
		967B2233185EE0E300C16B8E /* island_map_ipadhd@2x.png in Resources */ = {isa = PBXBuildFile; fileRef = 967B222D185EE0E300C16B8E /* island_map_ipadhd@2x.png */; };
		967B2234185EE0E400C16B8E /* island_map_ipadhd@2x.png in Resources */ = {isa = PBXBuildFile; fileRef = 967B222D185EE0E300C16B8E /* island_map_ipadhd@2x.png */; };
		967B2235185EE0E400C16B8E /* background_image_radish_ipadhd@2x.png in Resources */ = {isa = PBXBuildFile; fileRef = 967B222E185EE0E300C16B8E /* background_image_radish_ipadhd@2x.png */; };
		967B2236185EE0E400C16B8E /* background_image_radish_ipadhd@2x.png in Resources */ = {isa = PBXBuildFile; fileRef = 967B222E185EE0E300C16B8E /* background_image_radish_ipadhd@2x.png */; };
		967B223E185EE10700C16B8E /* eggplant_netuarl@2x.png in Resources */ = {isa = PBXBuildFile; fileRef = 967B2239185EE10700C16B8E /* eggplant_netuarl@2x.png */; };
		967B223F185EE10700C16B8E /* eggplant_netuarl@2x.png in Resources */ = {isa = PBXBuildFile; fileRef = 967B2239185EE10700C16B8E /* eggplant_netuarl@2x.png */; };
		967B2240185EE10700C16B8E /* carrot_neutral@2x.png in Resources */ = {isa = PBXBuildFile; fileRef = 967B223A185EE10700C16B8E /* carrot_neutral@2x.png */; };
		967B2241185EE10700C16B8E /* carrot_neutral@2x.png in Resources */ = {isa = PBXBuildFile; fileRef = 967B223A185EE10700C16B8E /* carrot_neutral@2x.png */; };
		967B2242185EE10700C16B8E /* tomato_neutral@2x.png in Resources */ = {isa = PBXBuildFile; fileRef = 967B223B185EE10700C16B8E /* tomato_neutral@2x.png */; };
		967B2243185EE10700C16B8E /* tomato_neutral@2x.png in Resources */ = {isa = PBXBuildFile; fileRef = 967B223B185EE10700C16B8E /* tomato_neutral@2x.png */; };
		967B2244185EE10700C16B8E /* foxy_neutral@2x.png in Resources */ = {isa = PBXBuildFile; fileRef = 967B223C185EE10700C16B8E /* foxy_neutral@2x.png */; };
		967B2245185EE10700C16B8E /* foxy_neutral@2x.png in Resources */ = {isa = PBXBuildFile; fileRef = 967B223C185EE10700C16B8E /* foxy_neutral@2x.png */; };
		967B2246185EE10700C16B8E /* radish_netuarl@2x.png in Resources */ = {isa = PBXBuildFile; fileRef = 967B223D185EE10700C16B8E /* radish_netuarl@2x.png */; };
		967B2247185EE10700C16B8E /* radish_netuarl@2x.png in Resources */ = {isa = PBXBuildFile; fileRef = 967B223D185EE10700C16B8E /* radish_netuarl@2x.png */; };
		967B22FB185EE1A600C16B8E /* tomato_happy_ipadhd@2x.png in Resources */ = {isa = PBXBuildFile; fileRef = 967B22F3185EE1A600C16B8E /* tomato_happy_ipadhd@2x.png */; };
		967B22FC185EE1A600C16B8E /* tomato_happy_ipadhd@2x.png in Resources */ = {isa = PBXBuildFile; fileRef = 967B22F3185EE1A600C16B8E /* tomato_happy_ipadhd@2x.png */; };
		967B22FD185EE1A600C16B8E /* corn_happy_ipadhd@2x.png in Resources */ = {isa = PBXBuildFile; fileRef = 967B22F4185EE1A600C16B8E /* corn_happy_ipadhd@2x.png */; };
		967B22FE185EE1A600C16B8E /* corn_happy_ipadhd@2x.png in Resources */ = {isa = PBXBuildFile; fileRef = 967B22F4185EE1A600C16B8E /* corn_happy_ipadhd@2x.png */; };
		967B22FF185EE1A600C16B8E /* radish_happy_ipadhd@2x.png in Resources */ = {isa = PBXBuildFile; fileRef = 967B22F5185EE1A600C16B8E /* radish_happy_ipadhd@2x.png */; };
		967B2300185EE1A600C16B8E /* radish_happy_ipadhd@2x.png in Resources */ = {isa = PBXBuildFile; fileRef = 967B22F5185EE1A600C16B8E /* radish_happy_ipadhd@2x.png */; };
		967B2301185EE1A600C16B8E /* onion_happy_ipadhd@2x.png in Resources */ = {isa = PBXBuildFile; fileRef = 967B22F6185EE1A600C16B8E /* onion_happy_ipadhd@2x.png */; };
		967B2302185EE1A600C16B8E /* onion_happy_ipadhd@2x.png in Resources */ = {isa = PBXBuildFile; fileRef = 967B22F6185EE1A600C16B8E /* onion_happy_ipadhd@2x.png */; };
		967B2303185EE1A600C16B8E /* potato_happy_ipadhd@2x.png in Resources */ = {isa = PBXBuildFile; fileRef = 967B22F7185EE1A600C16B8E /* potato_happy_ipadhd@2x.png */; };
		967B2304185EE1A600C16B8E /* potato_happy_ipadhd@2x.png in Resources */ = {isa = PBXBuildFile; fileRef = 967B22F7185EE1A600C16B8E /* potato_happy_ipadhd@2x.png */; };
		967B2305185EE1A600C16B8E /* carot_happy_ipadhd@2x.png in Resources */ = {isa = PBXBuildFile; fileRef = 967B22F8185EE1A600C16B8E /* carot_happy_ipadhd@2x.png */; };
		967B2306185EE1A600C16B8E /* carot_happy_ipadhd@2x.png in Resources */ = {isa = PBXBuildFile; fileRef = 967B22F8185EE1A600C16B8E /* carot_happy_ipadhd@2x.png */; };
		967B2307185EE1A600C16B8E /* cucumber_happy_ipadhd@2x.png in Resources */ = {isa = PBXBuildFile; fileRef = 967B22F9185EE1A600C16B8E /* cucumber_happy_ipadhd@2x.png */; };
		967B2308185EE1A600C16B8E /* cucumber_happy_ipadhd@2x.png in Resources */ = {isa = PBXBuildFile; fileRef = 967B22F9185EE1A600C16B8E /* cucumber_happy_ipadhd@2x.png */; };
		967B2309185EE1A600C16B8E /* eggplant_happy_ipadhd@2x.png in Resources */ = {isa = PBXBuildFile; fileRef = 967B22FA185EE1A600C16B8E /* eggplant_happy_ipadhd@2x.png */; };
		967B230A185EE1A600C16B8E /* eggplant_happy_ipadhd@2x.png in Resources */ = {isa = PBXBuildFile; fileRef = 967B22FA185EE1A600C16B8E /* eggplant_happy_ipadhd@2x.png */; };
		967B2324185EE1F600C16B8E /* emotion_happy.mp3 in Resources */ = {isa = PBXBuildFile; fileRef = 967B231E185EE1F600C16B8E /* emotion_happy.mp3 */; };
		967B2325185EE1F600C16B8E /* emotion_happy.mp3 in Resources */ = {isa = PBXBuildFile; fileRef = 967B231E185EE1F600C16B8E /* emotion_happy.mp3 */; };
		967B2326185EE1F600C16B8E /* emotion_disgust.mp3 in Resources */ = {isa = PBXBuildFile; fileRef = 967B231F185EE1F600C16B8E /* emotion_disgust.mp3 */; };
		967B2327185EE1F600C16B8E /* emotion_disgust.mp3 in Resources */ = {isa = PBXBuildFile; fileRef = 967B231F185EE1F600C16B8E /* emotion_disgust.mp3 */; };
		967B2328185EE1F600C16B8E /* emotion_fear.mp3 in Resources */ = {isa = PBXBuildFile; fileRef = 967B2320185EE1F600C16B8E /* emotion_fear.mp3 */; };
		967B2329185EE1F600C16B8E /* emotion_fear.mp3 in Resources */ = {isa = PBXBuildFile; fileRef = 967B2320185EE1F600C16B8E /* emotion_fear.mp3 */; };
		967B232A185EE1F600C16B8E /* emotion_sad.mp3 in Resources */ = {isa = PBXBuildFile; fileRef = 967B2321185EE1F600C16B8E /* emotion_sad.mp3 */; };
		967B232B185EE1F600C16B8E /* emotion_sad.mp3 in Resources */ = {isa = PBXBuildFile; fileRef = 967B2321185EE1F600C16B8E /* emotion_sad.mp3 */; };
		967B232C185EE1F600C16B8E /* emotion_surprise.mp3 in Resources */ = {isa = PBXBuildFile; fileRef = 967B2322185EE1F600C16B8E /* emotion_surprise.mp3 */; };
		967B232D185EE1F600C16B8E /* emotion_surprise.mp3 in Resources */ = {isa = PBXBuildFile; fileRef = 967B2322185EE1F600C16B8E /* emotion_surprise.mp3 */; };
		967B232E185EE1F600C16B8E /* emotion_anger.mp3 in Resources */ = {isa = PBXBuildFile; fileRef = 967B2323185EE1F600C16B8E /* emotion_anger.mp3 */; };
		967B232F185EE1F600C16B8E /* emotion_anger.mp3 in Resources */ = {isa = PBXBuildFile; fileRef = 967B2323185EE1F600C16B8E /* emotion_anger.mp3 */; };
		967B2333185EE31800C16B8E /* IslandMapScene.m in Sources */ = {isa = PBXBuildFile; fileRef = 967B2332185EE31800C16B8E /* IslandMapScene.m */; };
		967B2334185EE31800C16B8E /* IslandMapScene.m in Sources */ = {isa = PBXBuildFile; fileRef = 967B2332185EE31800C16B8E /* IslandMapScene.m */; };
		967B2341185EE36400C16B8E /* EmotionPageControllerScene.m in Sources */ = {isa = PBXBuildFile; fileRef = 967B2340185EE36400C16B8E /* EmotionPageControllerScene.m */; };
		967B2342185EE36400C16B8E /* EmotionPageControllerScene.m in Sources */ = {isa = PBXBuildFile; fileRef = 967B2340185EE36400C16B8E /* EmotionPageControllerScene.m */; };
		967B236A185EE45500C16B8E /* EggplantVeggiePage.m in Sources */ = {isa = PBXBuildFile; fileRef = 967B2369185EE45500C16B8E /* EggplantVeggiePage.m */; };
		967B236B185EE45500C16B8E /* EggplantVeggiePage.m in Sources */ = {isa = PBXBuildFile; fileRef = 967B2369185EE45500C16B8E /* EggplantVeggiePage.m */; };
		96BDAABF18618DD300ED84E8 /* surprise.atlas in Resources */ = {isa = PBXBuildFile; fileRef = 96BDAABE18618DD300ED84E8 /* surprise.atlas */; };
		96BDAAC118618E2200ED84E8 /* ina_paly_ball.atlas in Resources */ = {isa = PBXBuildFile; fileRef = 96BDAAC018618E2200ED84E8 /* ina_paly_ball.atlas */; };
/* End PBXBuildFile section */

/* Begin PBXContainerItemProxy section */
		967B21D7185EDE5000C16B8E /* PBXContainerItemProxy */ = {
			isa = PBXContainerItemProxy;
			containerPortal = 967B219F185EDE5000C16B8E /* Project object */;
			proxyType = 1;
			remoteGlobalIDString = 967B21A6185EDE5000C16B8E;
			remoteInfo = ObidaoGame;
		};
/* End PBXContainerItemProxy section */

/* Begin PBXFileReference section */
		9656B32F18640014004B39E4 /* MyAVAudioPlayer.h */ = {isa = PBXFileReference; fileEncoding = 4; lastKnownFileType = sourcecode.c.h; path = MyAVAudioPlayer.h; sourceTree = "<group>"; };
		9656B33018640014004B39E4 /* MyAVAudioPlayer.m */ = {isa = PBXFileReference; fileEncoding = 4; lastKnownFileType = sourcecode.c.objc; path = MyAVAudioPlayer.m; sourceTree = "<group>"; };
		9656B332186411C0004B39E4 /* UITouch+FingerTouch.h */ = {isa = PBXFileReference; fileEncoding = 4; lastKnownFileType = sourcecode.c.h; path = "UITouch+FingerTouch.h"; sourceTree = "<group>"; };
		9656B333186411C0004B39E4 /* UITouch+FingerTouch.m */ = {isa = PBXFileReference; fileEncoding = 4; lastKnownFileType = sourcecode.c.objc; path = "UITouch+FingerTouch.m"; sourceTree = "<group>"; };
		965AE93A1862863700FF3D39 /* ina_anger.atlas */ = {isa = PBXFileReference; lastKnownFileType = folder.skatlas; path = ina_anger.atlas; sourceTree = "<group>"; };
		965AE93B1862863700FF3D39 /* ina_cry.atlas */ = {isa = PBXFileReference; lastKnownFileType = folder.skatlas; path = ina_cry.atlas; sourceTree = "<group>"; };
		965AE93C1862863700FF3D39 /* ina_happy_down.atlas */ = {isa = PBXFileReference; lastKnownFileType = folder.skatlas; path = ina_happy_down.atlas; sourceTree = "<group>"; };
		965AE93D1862863700FF3D39 /* ina_head.atlas */ = {isa = PBXFileReference; lastKnownFileType = folder.skatlas; path = ina_head.atlas; sourceTree = "<group>"; };
		965AE93E1862863700FF3D39 /* ina_high.atlas */ = {isa = PBXFileReference; lastKnownFileType = folder.skatlas; path = ina_high.atlas; sourceTree = "<group>"; };
		965AE94E1862888900FF3D39 /* tomato_anger.atlas */ = {isa = PBXFileReference; lastKnownFileType = folder.skatlas; path = tomato_anger.atlas; sourceTree = "<group>"; };
		965AE94F1862888900FF3D39 /* tomato_cry.atlas */ = {isa = PBXFileReference; lastKnownFileType = folder.skatlas; path = tomato_cry.atlas; sourceTree = "<group>"; };
		965AE954186288A100FF3D39 /* tomato_happy.atlas */ = {isa = PBXFileReference; lastKnownFileType = folder.skatlas; path = tomato_happy.atlas; sourceTree = "<group>"; };
		965AE955186288A100FF3D39 /* tomato_surprise.atlas */ = {isa = PBXFileReference; lastKnownFileType = folder.skatlas; path = tomato_surprise.atlas; sourceTree = "<group>"; };
		965AE9581862895000FF3D39 /* onion_anger.atlas */ = {isa = PBXFileReference; lastKnownFileType = folder.skatlas; path = onion_anger.atlas; sourceTree = "<group>"; };
		965AE9591862895000FF3D39 /* onion_cry.atlas */ = {isa = PBXFileReference; lastKnownFileType = folder.skatlas; path = onion_cry.atlas; sourceTree = "<group>"; };
		965AE95A1862895000FF3D39 /* onion_surprise.atlas */ = {isa = PBXFileReference; lastKnownFileType = folder.skatlas; path = onion_surprise.atlas; sourceTree = "<group>"; };
		965AE95E18628A4500FF3D39 /* ballon_deceare.atlas */ = {isa = PBXFileReference; lastKnownFileType = folder.skatlas; path = ballon_deceare.atlas; sourceTree = "<group>"; };
		965AE95F18628A4500FF3D39 /* carrot_happy.atlas */ = {isa = PBXFileReference; lastKnownFileType = folder.skatlas; path = carrot_happy.atlas; sourceTree = "<group>"; };
		965AE96418628A5100FF3D39 /* carrot_scare.atlas */ = {isa = PBXFileReference; lastKnownFileType = folder.skatlas; path = carrot_scare.atlas; sourceTree = "<group>"; };
		965AE96518628A5100FF3D39 /* carrot_surprise.atlas */ = {isa = PBXFileReference; lastKnownFileType = folder.skatlas; path = carrot_surprise.atlas; sourceTree = "<group>"; };
		965AE96718628A5100FF3D39 /* cattot_next_ball.atlas */ = {isa = PBXFileReference; lastKnownFileType = folder.skatlas; path = cattot_next_ball.atlas; sourceTree = "<group>"; };
		965AE96C18628AE000FF3D39 /* raddish_cry.atlas */ = {isa = PBXFileReference; lastKnownFileType = folder.skatlas; path = raddish_cry.atlas; sourceTree = "<group>"; };
		965AE96D18628AE000FF3D39 /* radish_eat_1.atlas */ = {isa = PBXFileReference; lastKnownFileType = folder.skatlas; path = radish_eat_1.atlas; sourceTree = "<group>"; };
		965AE96E18628AE000FF3D39 /* radish_eat_2.atlas */ = {isa = PBXFileReference; lastKnownFileType = folder.skatlas; path = radish_eat_2.atlas; sourceTree = "<group>"; };
		965AE96F18628AE000FF3D39 /* radish_eat_3.atlas */ = {isa = PBXFileReference; lastKnownFileType = folder.skatlas; path = radish_eat_3.atlas; sourceTree = "<group>"; };
		965AE97018628AE000FF3D39 /* radish_happy_poor.atlas */ = {isa = PBXFileReference; lastKnownFileType = folder.skatlas; path = radish_happy_poor.atlas; sourceTree = "<group>"; };
		965AE97118628AE000FF3D39 /* radish_happy.atlas */ = {isa = PBXFileReference; lastKnownFileType = folder.skatlas; path = radish_happy.atlas; sourceTree = "<group>"; };
		965AE9781862961B00FF3D39 /* ball_kinds.atlas */ = {isa = PBXFileReference; lastKnownFileType = folder.skatlas; path = ball_kinds.atlas; sourceTree = "<group>"; };
		965AE97A1862967500FF3D39 /* cattot_happy_play.atlas */ = {isa = PBXFileReference; lastKnownFileType = folder.skatlas; path = cattot_happy_play.atlas; sourceTree = "<group>"; };
		965AE97C1862973900FF3D39 /* carrot_increase.atlas */ = {isa = PBXFileReference; lastKnownFileType = folder.skatlas; path = carrot_increase.atlas; sourceTree = "<group>"; };
		965AE97E186297E600FF3D39 /* SKAction+Helper.h */ = {isa = PBXFileReference; fileEncoding = 4; lastKnownFileType = sourcecode.c.h; path = "SKAction+Helper.h"; sourceTree = "<group>"; };
		965AE97F186297E600FF3D39 /* SKAction+Helper.m */ = {isa = PBXFileReference; fileEncoding = 4; lastKnownFileType = sourcecode.c.objc; path = "SKAction+Helper.m"; sourceTree = "<group>"; };
		965AE98118629A1400FF3D39 /* tomato_fear.atlas */ = {isa = PBXFileReference; lastKnownFileType = folder.skatlas; path = tomato_fear.atlas; sourceTree = "<group>"; };
		965AE9831862B99900FF3D39 /* CornVeggiePage.h */ = {isa = PBXFileReference; fileEncoding = 4; lastKnownFileType = sourcecode.c.h; path = CornVeggiePage.h; sourceTree = "<group>"; };
		965AE9841862B99900FF3D39 /* CornVeggiePage.m */ = {isa = PBXFileReference; fileEncoding = 4; lastKnownFileType = sourcecode.c.objc; path = CornVeggiePage.m; sourceTree = "<group>"; };
		965AE9851862B99900FF3D39 /* CarotVeegiePage.h */ = {isa = PBXFileReference; fileEncoding = 4; lastKnownFileType = sourcecode.c.h; path = CarotVeegiePage.h; sourceTree = "<group>"; };
		965AE9861862B99900FF3D39 /* CarotVeegiePage.m */ = {isa = PBXFileReference; fileEncoding = 4; lastKnownFileType = sourcecode.c.objc; path = CarotVeegiePage.m; sourceTree = "<group>"; };
		965AE9871862B99900FF3D39 /* OnionVeggiePage.h */ = {isa = PBXFileReference; fileEncoding = 4; lastKnownFileType = sourcecode.c.h; path = OnionVeggiePage.h; sourceTree = "<group>"; };
		965AE9881862B99900FF3D39 /* OnionVeggiePage.m */ = {isa = PBXFileReference; fileEncoding = 4; lastKnownFileType = sourcecode.c.objc; path = OnionVeggiePage.m; sourceTree = "<group>"; };
		965AE9891862B99900FF3D39 /* TomotoVeggiePage.h */ = {isa = PBXFileReference; fileEncoding = 4; lastKnownFileType = sourcecode.c.h; path = TomotoVeggiePage.h; sourceTree = "<group>"; };
		965AE98A1862B99900FF3D39 /* TomotoVeggiePage.m */ = {isa = PBXFileReference; fileEncoding = 4; lastKnownFileType = sourcecode.c.objc; path = TomotoVeggiePage.m; sourceTree = "<group>"; };
		965AE98B1862B99900FF3D39 /* PotatoVeggiePage.h */ = {isa = PBXFileReference; fileEncoding = 4; lastKnownFileType = sourcecode.c.h; path = PotatoVeggiePage.h; sourceTree = "<group>"; };
		965AE98C1862B99900FF3D39 /* PotatoVeggiePage.m */ = {isa = PBXFileReference; fileEncoding = 4; lastKnownFileType = sourcecode.c.objc; path = PotatoVeggiePage.m; sourceTree = "<group>"; };
		965AE98D1862B99900FF3D39 /* RadishVeggiePage.h */ = {isa = PBXFileReference; fileEncoding = 4; lastKnownFileType = sourcecode.c.h; path = RadishVeggiePage.h; sourceTree = "<group>"; };
		965AE98E1862B99900FF3D39 /* RadishVeggiePage.m */ = {isa = PBXFileReference; fileEncoding = 4; lastKnownFileType = sourcecode.c.objc; path = RadishVeggiePage.m; sourceTree = "<group>"; };
		965AE98F1862B99900FF3D39 /* CucumberVeggiePage.h */ = {isa = PBXFileReference; fileEncoding = 4; lastKnownFileType = sourcecode.c.h; path = CucumberVeggiePage.h; sourceTree = "<group>"; };
		965AE9901862B99900FF3D39 /* CucumberVeggiePage.m */ = {isa = PBXFileReference; fileEncoding = 4; lastKnownFileType = sourcecode.c.objc; path = CucumberVeggiePage.m; sourceTree = "<group>"; };
		967B21A7185EDE5000C16B8E /* ObidaoGame.app */ = {isa = PBXFileReference; explicitFileType = wrapper.application; includeInIndex = 0; path = ObidaoGame.app; sourceTree = BUILT_PRODUCTS_DIR; };
		967B21AA185EDE5000C16B8E /* Foundation.framework */ = {isa = PBXFileReference; lastKnownFileType = wrapper.framework; name = Foundation.framework; path = System/Library/Frameworks/Foundation.framework; sourceTree = SDKROOT; };
		967B21AC185EDE5000C16B8E /* CoreGraphics.framework */ = {isa = PBXFileReference; lastKnownFileType = wrapper.framework; name = CoreGraphics.framework; path = System/Library/Frameworks/CoreGraphics.framework; sourceTree = SDKROOT; };
		967B21AE185EDE5000C16B8E /* UIKit.framework */ = {isa = PBXFileReference; lastKnownFileType = wrapper.framework; name = UIKit.framework; path = System/Library/Frameworks/UIKit.framework; sourceTree = SDKROOT; };
		967B21B0185EDE5000C16B8E /* SpriteKit.framework */ = {isa = PBXFileReference; lastKnownFileType = wrapper.framework; name = SpriteKit.framework; path = System/Library/Frameworks/SpriteKit.framework; sourceTree = SDKROOT; };
		967B21B4185EDE5000C16B8E /* ObidaoGame-Info.plist */ = {isa = PBXFileReference; lastKnownFileType = text.plist.xml; path = "ObidaoGame-Info.plist"; sourceTree = "<group>"; };
		967B21B6185EDE5000C16B8E /* en */ = {isa = PBXFileReference; lastKnownFileType = text.plist.strings; name = en; path = en.lproj/InfoPlist.strings; sourceTree = "<group>"; };
		967B21B8185EDE5000C16B8E /* main.m */ = {isa = PBXFileReference; lastKnownFileType = sourcecode.c.objc; path = main.m; sourceTree = "<group>"; };
		967B21BA185EDE5000C16B8E /* ObidaoGame-Prefix.pch */ = {isa = PBXFileReference; lastKnownFileType = sourcecode.c.h; path = "ObidaoGame-Prefix.pch"; sourceTree = "<group>"; };
		967B21BB185EDE5000C16B8E /* AppDelegate.h */ = {isa = PBXFileReference; lastKnownFileType = sourcecode.c.h; path = AppDelegate.h; sourceTree = "<group>"; };
		967B21BC185EDE5000C16B8E /* AppDelegate.m */ = {isa = PBXFileReference; lastKnownFileType = sourcecode.c.objc; path = AppDelegate.m; sourceTree = "<group>"; };
		967B21BF185EDE5000C16B8E /* Base */ = {isa = PBXFileReference; lastKnownFileType = file.storyboard; name = Base; path = Base.lproj/Main_iPhone.storyboard; sourceTree = "<group>"; };
		967B21C2185EDE5000C16B8E /* Base */ = {isa = PBXFileReference; lastKnownFileType = file.storyboard; name = Base; path = Base.lproj/Main_iPad.storyboard; sourceTree = "<group>"; };
		967B21C4185EDE5000C16B8E /* ViewController.h */ = {isa = PBXFileReference; lastKnownFileType = sourcecode.c.h; path = ViewController.h; sourceTree = "<group>"; };
		967B21C5185EDE5000C16B8E /* ViewController.m */ = {isa = PBXFileReference; lastKnownFileType = sourcecode.c.objc; path = ViewController.m; sourceTree = "<group>"; };
		967B21C7185EDE5000C16B8E /* MyScene.h */ = {isa = PBXFileReference; lastKnownFileType = sourcecode.c.h; path = MyScene.h; sourceTree = "<group>"; };
		967B21C8185EDE5000C16B8E /* MyScene.m */ = {isa = PBXFileReference; lastKnownFileType = sourcecode.c.objc; path = MyScene.m; sourceTree = "<group>"; };
		967B21CC185EDE5000C16B8E /* Images.xcassets */ = {isa = PBXFileReference; lastKnownFileType = folder.assetcatalog; path = Images.xcassets; sourceTree = "<group>"; };
		967B21D2185EDE5000C16B8E /* ObidaoGameTests.xctest */ = {isa = PBXFileReference; explicitFileType = wrapper.cfbundle; includeInIndex = 0; path = ObidaoGameTests.xctest; sourceTree = BUILT_PRODUCTS_DIR; };
		967B21D3185EDE5000C16B8E /* XCTest.framework */ = {isa = PBXFileReference; lastKnownFileType = wrapper.framework; name = XCTest.framework; path = Library/Frameworks/XCTest.framework; sourceTree = DEVELOPER_DIR; };
		967B21DB185EDE5000C16B8E /* ObidaoGameTests-Info.plist */ = {isa = PBXFileReference; lastKnownFileType = text.plist.xml; path = "ObidaoGameTests-Info.plist"; sourceTree = "<group>"; };
		967B21DD185EDE5000C16B8E /* en */ = {isa = PBXFileReference; lastKnownFileType = text.plist.strings; name = en; path = en.lproj/InfoPlist.strings; sourceTree = "<group>"; };
		967B21DF185EDE5000C16B8E /* ObidaoGameTests.m */ = {isa = PBXFileReference; lastKnownFileType = sourcecode.c.objc; path = ObidaoGameTests.m; sourceTree = "<group>"; };
		967B21ED185EDFF800C16B8E /* Emotion.h */ = {isa = PBXFileReference; fileEncoding = 4; lastKnownFileType = sourcecode.c.h; path = Emotion.h; sourceTree = "<group>"; };
		967B21EE185EDFF800C16B8E /* Emotion.m */ = {isa = PBXFileReference; fileEncoding = 4; lastKnownFileType = sourcecode.c.objc; path = Emotion.m; sourceTree = "<group>"; };
		967B21F1185EDFF800C16B8E /* Inhabitant.h */ = {isa = PBXFileReference; fileEncoding = 4; lastKnownFileType = sourcecode.c.h; path = Inhabitant.h; sourceTree = "<group>"; };
		967B21F2185EDFF800C16B8E /* Inhabitant.m */ = {isa = PBXFileReference; fileEncoding = 4; lastKnownFileType = sourcecode.c.objc; path = Inhabitant.m; sourceTree = "<group>"; };
		967B21F9185EE00B00C16B8E /* ObidaoIsland.h */ = {isa = PBXFileReference; fileEncoding = 4; lastKnownFileType = sourcecode.c.h; path = ObidaoIsland.h; sourceTree = "<group>"; };
		967B21FA185EE00B00C16B8E /* ObidaoIsland.m */ = {isa = PBXFileReference; fileEncoding = 4; lastKnownFileType = sourcecode.c.objc; path = ObidaoIsland.m; sourceTree = "<group>"; };
		967B21FB185EE00B00C16B8E /* FingerMoveDirection.h */ = {isa = PBXFileReference; fileEncoding = 4; lastKnownFileType = sourcecode.c.h; path = FingerMoveDirection.h; sourceTree = "<group>"; };
		967B21FC185EE00B00C16B8E /* FingerMoveDirection.m */ = {isa = PBXFileReference; fileEncoding = 4; lastKnownFileType = sourcecode.c.objc; path = FingerMoveDirection.m; sourceTree = "<group>"; };
		967B2204185EE05200C16B8E /* CCSprite+SpriteTransparency.h */ = {isa = PBXFileReference; fileEncoding = 4; lastKnownFileType = sourcecode.c.h; path = "CCSprite+SpriteTransparency.h"; sourceTree = "<group>"; };
		967B2205185EE05200C16B8E /* CCSprite+SpriteTransparency.m */ = {isa = PBXFileReference; fileEncoding = 4; lastKnownFileType = sourcecode.c.objc; path = "CCSprite+SpriteTransparency.m"; sourceTree = "<group>"; };
		967B2211185EE07800C16B8E /* CoordinateSystem.h */ = {isa = PBXFileReference; fileEncoding = 4; lastKnownFileType = sourcecode.c.h; path = CoordinateSystem.h; sourceTree = "<group>"; };
		967B2212185EE07800C16B8E /* CoordinateSystem.m */ = {isa = PBXFileReference; fileEncoding = 4; lastKnownFileType = sourcecode.c.objc; path = CoordinateSystem.m; sourceTree = "<group>"; };
		967B2213185EE07800C16B8E /* ImageNameString.h */ = {isa = PBXFileReference; fileEncoding = 4; lastKnownFileType = sourcecode.c.h; path = ImageNameString.h; sourceTree = "<group>"; };
		967B2214185EE07800C16B8E /* ImageNameString.m */ = {isa = PBXFileReference; fileEncoding = 4; lastKnownFileType = sourcecode.c.objc; path = ImageNameString.m; sourceTree = "<group>"; };
		967B2215185EE07800C16B8E /* MathTool.h */ = {isa = PBXFileReference; fileEncoding = 4; lastKnownFileType = sourcecode.c.h; path = MathTool.h; sourceTree = "<group>"; };
		967B2216185EE07800C16B8E /* MathTool.m */ = {isa = PBXFileReference; fileEncoding = 4; lastKnownFileType = sourcecode.c.objc; path = MathTool.m; sourceTree = "<group>"; };
		967B2217185EE07800C16B8E /* ScreenScaleFactor.h */ = {isa = PBXFileReference; fileEncoding = 4; lastKnownFileType = sourcecode.c.h; path = ScreenScaleFactor.h; sourceTree = "<group>"; };
		967B2218185EE07800C16B8E /* ScreenScaleFactor.m */ = {isa = PBXFileReference; fileEncoding = 4; lastKnownFileType = sourcecode.c.objc; path = ScreenScaleFactor.m; sourceTree = "<group>"; };
		967B2219185EE07800C16B8E /* SoundString.h */ = {isa = PBXFileReference; fileEncoding = 4; lastKnownFileType = sourcecode.c.h; path = SoundString.h; sourceTree = "<group>"; };
		967B221A185EE07800C16B8E /* SoundString.m */ = {isa = PBXFileReference; fileEncoding = 4; lastKnownFileType = sourcecode.c.objc; path = SoundString.m; sourceTree = "<group>"; };
		967B221B185EE07800C16B8E /* Defaults.h */ = {isa = PBXFileReference; fileEncoding = 4; lastKnownFileType = sourcecode.c.h; path = Defaults.h; sourceTree = "<group>"; };
		967B221C185EE07800C16B8E /* Data.h */ = {isa = PBXFileReference; fileEncoding = 4; lastKnownFileType = sourcecode.c.h; path = Data.h; sourceTree = "<group>"; };
		967B222B185EE0E300C16B8E /* background_image_foxy_ipadhd@2x.png */ = {isa = PBXFileReference; lastKnownFileType = image.png; path = "background_image_foxy_ipadhd@2x.png"; sourceTree = "<group>"; };
		967B222C185EE0E300C16B8E /* button_back_ipadhd@2x.png */ = {isa = PBXFileReference; lastKnownFileType = image.png; path = "button_back_ipadhd@2x.png"; sourceTree = "<group>"; };
		967B222D185EE0E300C16B8E /* island_map_ipadhd@2x.png */ = {isa = PBXFileReference; lastKnownFileType = image.png; path = "island_map_ipadhd@2x.png"; sourceTree = "<group>"; };
		967B222E185EE0E300C16B8E /* background_image_radish_ipadhd@2x.png */ = {isa = PBXFileReference; lastKnownFileType = image.png; path = "background_image_radish_ipadhd@2x.png"; sourceTree = "<group>"; };
		967B2239185EE10700C16B8E /* eggplant_netuarl@2x.png */ = {isa = PBXFileReference; lastKnownFileType = image.png; path = "eggplant_netuarl@2x.png"; sourceTree = "<group>"; };
		967B223A185EE10700C16B8E /* carrot_neutral@2x.png */ = {isa = PBXFileReference; lastKnownFileType = image.png; path = "carrot_neutral@2x.png"; sourceTree = "<group>"; };
		967B223B185EE10700C16B8E /* tomato_neutral@2x.png */ = {isa = PBXFileReference; lastKnownFileType = image.png; path = "tomato_neutral@2x.png"; sourceTree = "<group>"; };
		967B223C185EE10700C16B8E /* foxy_neutral@2x.png */ = {isa = PBXFileReference; lastKnownFileType = image.png; path = "foxy_neutral@2x.png"; sourceTree = "<group>"; };
		967B223D185EE10700C16B8E /* radish_netuarl@2x.png */ = {isa = PBXFileReference; lastKnownFileType = image.png; path = "radish_netuarl@2x.png"; sourceTree = "<group>"; };
		967B22F3185EE1A600C16B8E /* tomato_happy_ipadhd@2x.png */ = {isa = PBXFileReference; lastKnownFileType = image.png; path = "tomato_happy_ipadhd@2x.png"; sourceTree = "<group>"; };
		967B22F4185EE1A600C16B8E /* corn_happy_ipadhd@2x.png */ = {isa = PBXFileReference; lastKnownFileType = image.png; path = "corn_happy_ipadhd@2x.png"; sourceTree = "<group>"; };
		967B22F5185EE1A600C16B8E /* radish_happy_ipadhd@2x.png */ = {isa = PBXFileReference; lastKnownFileType = image.png; path = "radish_happy_ipadhd@2x.png"; sourceTree = "<group>"; };
		967B22F6185EE1A600C16B8E /* onion_happy_ipadhd@2x.png */ = {isa = PBXFileReference; lastKnownFileType = image.png; path = "onion_happy_ipadhd@2x.png"; sourceTree = "<group>"; };
		967B22F7185EE1A600C16B8E /* potato_happy_ipadhd@2x.png */ = {isa = PBXFileReference; lastKnownFileType = image.png; path = "potato_happy_ipadhd@2x.png"; sourceTree = "<group>"; };
		967B22F8185EE1A600C16B8E /* carot_happy_ipadhd@2x.png */ = {isa = PBXFileReference; lastKnownFileType = image.png; path = "carot_happy_ipadhd@2x.png"; sourceTree = "<group>"; };
		967B22F9185EE1A600C16B8E /* cucumber_happy_ipadhd@2x.png */ = {isa = PBXFileReference; lastKnownFileType = image.png; path = "cucumber_happy_ipadhd@2x.png"; sourceTree = "<group>"; };
		967B22FA185EE1A600C16B8E /* eggplant_happy_ipadhd@2x.png */ = {isa = PBXFileReference; lastKnownFileType = image.png; path = "eggplant_happy_ipadhd@2x.png"; sourceTree = "<group>"; };
		967B231E185EE1F600C16B8E /* emotion_happy.mp3 */ = {isa = PBXFileReference; lastKnownFileType = audio.mp3; path = emotion_happy.mp3; sourceTree = "<group>"; };
		967B231F185EE1F600C16B8E /* emotion_disgust.mp3 */ = {isa = PBXFileReference; lastKnownFileType = audio.mp3; path = emotion_disgust.mp3; sourceTree = "<group>"; };
		967B2320185EE1F600C16B8E /* emotion_fear.mp3 */ = {isa = PBXFileReference; lastKnownFileType = audio.mp3; path = emotion_fear.mp3; sourceTree = "<group>"; };
		967B2321185EE1F600C16B8E /* emotion_sad.mp3 */ = {isa = PBXFileReference; lastKnownFileType = audio.mp3; path = emotion_sad.mp3; sourceTree = "<group>"; };
		967B2322185EE1F600C16B8E /* emotion_surprise.mp3 */ = {isa = PBXFileReference; lastKnownFileType = audio.mp3; path = emotion_surprise.mp3; sourceTree = "<group>"; };
		967B2323185EE1F600C16B8E /* emotion_anger.mp3 */ = {isa = PBXFileReference; lastKnownFileType = audio.mp3; path = emotion_anger.mp3; sourceTree = "<group>"; };
		967B2331185EE31800C16B8E /* IslandMapScene.h */ = {isa = PBXFileReference; fileEncoding = 4; lastKnownFileType = sourcecode.c.h; path = IslandMapScene.h; sourceTree = "<group>"; };
		967B2332185EE31800C16B8E /* IslandMapScene.m */ = {isa = PBXFileReference; fileEncoding = 4; lastKnownFileType = sourcecode.c.objc; path = IslandMapScene.m; sourceTree = "<group>"; };
		967B233F185EE36400C16B8E /* EmotionPageControllerScene.h */ = {isa = PBXFileReference; fileEncoding = 4; lastKnownFileType = sourcecode.c.h; path = EmotionPageControllerScene.h; sourceTree = "<group>"; };
		967B2340185EE36400C16B8E /* EmotionPageControllerScene.m */ = {isa = PBXFileReference; fileEncoding = 4; lastKnownFileType = sourcecode.c.objc; path = EmotionPageControllerScene.m; sourceTree = "<group>"; };
		967B2368185EE45500C16B8E /* EggplantVeggiePage.h */ = {isa = PBXFileReference; fileEncoding = 4; lastKnownFileType = sourcecode.c.h; path = EggplantVeggiePage.h; sourceTree = "<group>"; };
		967B2369185EE45500C16B8E /* EggplantVeggiePage.m */ = {isa = PBXFileReference; fileEncoding = 4; lastKnownFileType = sourcecode.c.objc; path = EggplantVeggiePage.m; sourceTree = "<group>"; };
		96BDAABE18618DD300ED84E8 /* surprise.atlas */ = {isa = PBXFileReference; lastKnownFileType = folder.skatlas; path = surprise.atlas; sourceTree = "<group>"; };
		96BDAAC018618E2200ED84E8 /* ina_paly_ball.atlas */ = {isa = PBXFileReference; lastKnownFileType = folder.skatlas; path = ina_paly_ball.atlas; sourceTree = "<group>"; };
/* End PBXFileReference section */

/* Begin PBXFrameworksBuildPhase section */
		967B21A4185EDE5000C16B8E /* Frameworks */ = {
			isa = PBXFrameworksBuildPhase;
			buildActionMask = 2147483647;
			files = (
				967B21AD185EDE5000C16B8E /* CoreGraphics.framework in Frameworks */,
				967B21AF185EDE5000C16B8E /* UIKit.framework in Frameworks */,
				967B21B1185EDE5000C16B8E /* SpriteKit.framework in Frameworks */,
				967B21AB185EDE5000C16B8E /* Foundation.framework in Frameworks */,
			);
			runOnlyForDeploymentPostprocessing = 0;
		};
		967B21CF185EDE5000C16B8E /* Frameworks */ = {
			isa = PBXFrameworksBuildPhase;
			buildActionMask = 2147483647;
			files = (
				967B21D4185EDE5000C16B8E /* XCTest.framework in Frameworks */,
				967B21D6185EDE5000C16B8E /* UIKit.framework in Frameworks */,
				967B21D5185EDE5000C16B8E /* Foundation.framework in Frameworks */,
			);
			runOnlyForDeploymentPostprocessing = 0;
		};
/* End PBXFrameworksBuildPhase section */

/* Begin PBXGroup section */
		965AE9981862BA0600FF3D39 /* Corn */ = {
			isa = PBXGroup;
			children = (
				965AE9831862B99900FF3D39 /* CornVeggiePage.h */,
				965AE9841862B99900FF3D39 /* CornVeggiePage.m */,
			);
			name = Corn;
			sourceTree = "<group>";
		};
		965AE9991862BA1100FF3D39 /* Carrot */ = {
			isa = PBXGroup;
			children = (
				965AE9851862B99900FF3D39 /* CarotVeegiePage.h */,
				965AE9861862B99900FF3D39 /* CarotVeegiePage.m */,
			);
			name = Carrot;
			sourceTree = "<group>";
		};
		965AE99A1862BA1400FF3D39 /* Onion */ = {
			isa = PBXGroup;
			children = (
				965AE9871862B99900FF3D39 /* OnionVeggiePage.h */,
				965AE9881862B99900FF3D39 /* OnionVeggiePage.m */,
			);
			name = Onion;
			sourceTree = "<group>";
		};
		965AE99B1862BA1600FF3D39 /* Tomato */ = {
			isa = PBXGroup;
			children = (
				965AE9891862B99900FF3D39 /* TomotoVeggiePage.h */,
				965AE98A1862B99900FF3D39 /* TomotoVeggiePage.m */,
			);
			name = Tomato;
			sourceTree = "<group>";
		};
		965AE99C1862BA1900FF3D39 /* Potato */ = {
			isa = PBXGroup;
			children = (
				965AE98B1862B99900FF3D39 /* PotatoVeggiePage.h */,
				965AE98C1862B99900FF3D39 /* PotatoVeggiePage.m */,
			);
			name = Potato;
			sourceTree = "<group>";
		};
		965AE99D1862BA1B00FF3D39 /* Radish */ = {
			isa = PBXGroup;
			children = (
				965AE98D1862B99900FF3D39 /* RadishVeggiePage.h */,
				965AE98E1862B99900FF3D39 /* RadishVeggiePage.m */,
			);
			name = Radish;
			sourceTree = "<group>";
		};
		965AE99E1862BA1D00FF3D39 /* Cucumber */ = {
			isa = PBXGroup;
			children = (
				965AE98F1862B99900FF3D39 /* CucumberVeggiePage.h */,
				965AE9901862B99900FF3D39 /* CucumberVeggiePage.m */,
			);
			name = Cucumber;
			sourceTree = "<group>";
		};
		967B219E185EDE5000C16B8E = {
			isa = PBXGroup;
			children = (
				967B21B2185EDE5000C16B8E /* ObidaoGame */,
				967B21D9185EDE5000C16B8E /* ObidaoGameTests */,
				967B21A9185EDE5000C16B8E /* Frameworks */,
				967B21A8185EDE5000C16B8E /* Products */,
			);
			sourceTree = "<group>";
		};
		967B21A8185EDE5000C16B8E /* Products */ = {
			isa = PBXGroup;
			children = (
				967B21A7185EDE5000C16B8E /* ObidaoGame.app */,
				967B21D2185EDE5000C16B8E /* ObidaoGameTests.xctest */,
			);
			name = Products;
			sourceTree = "<group>";
		};
		967B21A9185EDE5000C16B8E /* Frameworks */ = {
			isa = PBXGroup;
			children = (
				967B21AA185EDE5000C16B8E /* Foundation.framework */,
				967B21AC185EDE5000C16B8E /* CoreGraphics.framework */,
				967B21AE185EDE5000C16B8E /* UIKit.framework */,
				967B21B0185EDE5000C16B8E /* SpriteKit.framework */,
				967B21D3185EDE5000C16B8E /* XCTest.framework */,
			);
			name = Frameworks;
			sourceTree = "<group>";
		};
		967B21B2185EDE5000C16B8E /* ObidaoGame */ = {
			isa = PBXGroup;
			children = (
				967B21E9185EDF7100C16B8E /* AppDelegate */,
				967B21EA185EDF9A00C16B8E /* Data Model */,
				967B21EB185EDFA700C16B8E /* MetaData */,
				967B21EC185EDFB500C16B8E /* Scence */,
				967B2201185EE02400C16B8E /* Tools */,
				967B230B185EE1BC00C16B8E /* Sounds */,
				967B2229185EE0B900C16B8E /* Images */,
				967B21BE185EDE5000C16B8E /* Main_iPhone.storyboard */,
				967B21C1185EDE5000C16B8E /* Main_iPad.storyboard */,
				967B21C4185EDE5000C16B8E /* ViewController.h */,
				967B21C5185EDE5000C16B8E /* ViewController.m */,
				967B21C7185EDE5000C16B8E /* MyScene.h */,
				967B21C8185EDE5000C16B8E /* MyScene.m */,
				967B21CC185EDE5000C16B8E /* Images.xcassets */,
				967B21B3185EDE5000C16B8E /* Supporting Files */,
			);
			path = ObidaoGame;
			sourceTree = "<group>";
		};
		967B21B3185EDE5000C16B8E /* Supporting Files */ = {
			isa = PBXGroup;
			children = (
				967B21B4185EDE5000C16B8E /* ObidaoGame-Info.plist */,
				967B21B5185EDE5000C16B8E /* InfoPlist.strings */,
				967B21B8185EDE5000C16B8E /* main.m */,
				967B21BA185EDE5000C16B8E /* ObidaoGame-Prefix.pch */,
			);
			name = "Supporting Files";
			sourceTree = "<group>";
		};
		967B21D9185EDE5000C16B8E /* ObidaoGameTests */ = {
			isa = PBXGroup;
			children = (
				967B21DF185EDE5000C16B8E /* ObidaoGameTests.m */,
				967B21DA185EDE5000C16B8E /* Supporting Files */,
			);
			path = ObidaoGameTests;
			sourceTree = "<group>";
		};
		967B21DA185EDE5000C16B8E /* Supporting Files */ = {
			isa = PBXGroup;
			children = (
				967B21DB185EDE5000C16B8E /* ObidaoGameTests-Info.plist */,
				967B21DC185EDE5000C16B8E /* InfoPlist.strings */,
			);
			name = "Supporting Files";
			sourceTree = "<group>";
		};
		967B21E9185EDF7100C16B8E /* AppDelegate */ = {
			isa = PBXGroup;
			children = (
				967B21BB185EDE5000C16B8E /* AppDelegate.h */,
				967B21BC185EDE5000C16B8E /* AppDelegate.m */,
			);
			name = AppDelegate;
			sourceTree = "<group>";
		};
		967B21EA185EDF9A00C16B8E /* Data Model */ = {
			isa = PBXGroup;
			children = (
				967B21ED185EDFF800C16B8E /* Emotion.h */,
				967B21EE185EDFF800C16B8E /* Emotion.m */,
				967B21F1185EDFF800C16B8E /* Inhabitant.h */,
				967B21F2185EDFF800C16B8E /* Inhabitant.m */,
			);
			name = "Data Model";
			sourceTree = "<group>";
		};
		967B21EB185EDFA700C16B8E /* MetaData */ = {
			isa = PBXGroup;
			children = (
				967B21F9185EE00B00C16B8E /* ObidaoIsland.h */,
				967B21FA185EE00B00C16B8E /* ObidaoIsland.m */,
				967B21FB185EE00B00C16B8E /* FingerMoveDirection.h */,
				967B21FC185EE00B00C16B8E /* FingerMoveDirection.m */,
			);
			name = MetaData;
			sourceTree = "<group>";
		};
		967B21EC185EDFB500C16B8E /* Scence */ = {
			isa = PBXGroup;
			children = (
				967B2330185EE30F00C16B8E /* Island Map */,
				967B2335185EE32400C16B8E /* Veggie Emotion */,
			);
			name = Scence;
			sourceTree = "<group>";
		};
		967B2201185EE02400C16B8E /* Tools */ = {
			isa = PBXGroup;
			children = (
				967B220E185EE05600C16B8E /* Category */,
				967B2211185EE07800C16B8E /* CoordinateSystem.h */,
				967B2212185EE07800C16B8E /* CoordinateSystem.m */,
				9656B32F18640014004B39E4 /* MyAVAudioPlayer.h */,
				9656B33018640014004B39E4 /* MyAVAudioPlayer.m */,
				967B2213185EE07800C16B8E /* ImageNameString.h */,
				967B2214185EE07800C16B8E /* ImageNameString.m */,
				967B2215185EE07800C16B8E /* MathTool.h */,
				967B2216185EE07800C16B8E /* MathTool.m */,
				967B2217185EE07800C16B8E /* ScreenScaleFactor.h */,
				967B2218185EE07800C16B8E /* ScreenScaleFactor.m */,
				967B2219185EE07800C16B8E /* SoundString.h */,
				967B221A185EE07800C16B8E /* SoundString.m */,
				967B221B185EE07800C16B8E /* Defaults.h */,
				967B221C185EE07800C16B8E /* Data.h */,
			);
			name = Tools;
			sourceTree = "<group>";
		};
		967B220E185EE05600C16B8E /* Category */ = {
			isa = PBXGroup;
			children = (
				967B2204185EE05200C16B8E /* CCSprite+SpriteTransparency.h */,
				967B2205185EE05200C16B8E /* CCSprite+SpriteTransparency.m */,
				965AE97E186297E600FF3D39 /* SKAction+Helper.h */,
				965AE97F186297E600FF3D39 /* SKAction+Helper.m */,
				9656B332186411C0004B39E4 /* UITouch+FingerTouch.h */,
				9656B333186411C0004B39E4 /* UITouch+FingerTouch.m */,
			);
			name = Category;
			sourceTree = "<group>";
		};
		967B2229185EE0B900C16B8E /* Images */ = {
			isa = PBXGroup;
			children = (
				967B22F2185EE19300C16B8E /* Happy images */,
				967B22E5185EE17900C16B8E /* Onion */,
				967B22CC185EE16400C16B8E /* Tomato */,
				967B2298185EE14A00C16B8E /* Carrot */,
				967B2273185EE12C00C16B8E /* Radish */,
				967B2248185EE10D00C16B8E /* Eggplant Atlas */,
				967B2238185EE0F100C16B8E /* Netuarl images */,
				967B222A185EE0D400C16B8E /* Background */,
			);
			name = Images;
			sourceTree = "<group>";
		};
		967B222A185EE0D400C16B8E /* Background */ = {
			isa = PBXGroup;
			children = (
				967B222B185EE0E300C16B8E /* background_image_foxy_ipadhd@2x.png */,
				967B222C185EE0E300C16B8E /* button_back_ipadhd@2x.png */,
				967B222D185EE0E300C16B8E /* island_map_ipadhd@2x.png */,
				967B222E185EE0E300C16B8E /* background_image_radish_ipadhd@2x.png */,
			);
			name = Background;
			sourceTree = "<group>";
		};
		967B2238185EE0F100C16B8E /* Netuarl images */ = {
			isa = PBXGroup;
			children = (
				967B2239185EE10700C16B8E /* eggplant_netuarl@2x.png */,
				967B223A185EE10700C16B8E /* carrot_neutral@2x.png */,
				967B223B185EE10700C16B8E /* tomato_neutral@2x.png */,
				967B223C185EE10700C16B8E /* foxy_neutral@2x.png */,
				967B223D185EE10700C16B8E /* radish_netuarl@2x.png */,
			);
			name = "Netuarl images";
			sourceTree = "<group>";
		};
		967B2248185EE10D00C16B8E /* Eggplant Atlas */ = {
			isa = PBXGroup;
			children = (
				965AE93A1862863700FF3D39 /* ina_anger.atlas */,
				965AE93B1862863700FF3D39 /* ina_cry.atlas */,
				965AE93C1862863700FF3D39 /* ina_happy_down.atlas */,
				965AE93D1862863700FF3D39 /* ina_head.atlas */,
				965AE93E1862863700FF3D39 /* ina_high.atlas */,
				96BDAAC018618E2200ED84E8 /* ina_paly_ball.atlas */,
				96BDAABE18618DD300ED84E8 /* surprise.atlas */,
			);
			name = "Eggplant Atlas";
			sourceTree = "<group>";
		};
		967B2273185EE12C00C16B8E /* Radish */ = {
			isa = PBXGroup;
			children = (
				965AE96C18628AE000FF3D39 /* raddish_cry.atlas */,
				965AE96D18628AE000FF3D39 /* radish_eat_1.atlas */,
				965AE96E18628AE000FF3D39 /* radish_eat_2.atlas */,
				965AE96F18628AE000FF3D39 /* radish_eat_3.atlas */,
				965AE97018628AE000FF3D39 /* radish_happy_poor.atlas */,
				965AE97118628AE000FF3D39 /* radish_happy.atlas */,
			);
			name = Radish;
			sourceTree = "<group>";
		};
		967B2298185EE14A00C16B8E /* Carrot */ = {
			isa = PBXGroup;
			children = (
				965AE97C1862973900FF3D39 /* carrot_increase.atlas */,
				965AE97A1862967500FF3D39 /* cattot_happy_play.atlas */,
				965AE9781862961B00FF3D39 /* ball_kinds.atlas */,
				965AE96418628A5100FF3D39 /* carrot_scare.atlas */,
				965AE96518628A5100FF3D39 /* carrot_surprise.atlas */,
				965AE96718628A5100FF3D39 /* cattot_next_ball.atlas */,
				965AE95E18628A4500FF3D39 /* ballon_deceare.atlas */,
				965AE95F18628A4500FF3D39 /* carrot_happy.atlas */,
			);
			name = Carrot;
			sourceTree = "<group>";
		};
		967B22CC185EE16400C16B8E /* Tomato */ = {
			isa = PBXGroup;
			children = (
				965AE98118629A1400FF3D39 /* tomato_fear.atlas */,
				965AE954186288A100FF3D39 /* tomato_happy.atlas */,
				965AE955186288A100FF3D39 /* tomato_surprise.atlas */,
				965AE94E1862888900FF3D39 /* tomato_anger.atlas */,
				965AE94F1862888900FF3D39 /* tomato_cry.atlas */,
			);
			name = Tomato;
			sourceTree = "<group>";
		};
		967B22E5185EE17900C16B8E /* Onion */ = {
			isa = PBXGroup;
			children = (
				965AE9581862895000FF3D39 /* onion_anger.atlas */,
				965AE9591862895000FF3D39 /* onion_cry.atlas */,
				965AE95A1862895000FF3D39 /* onion_surprise.atlas */,
			);
			name = Onion;
			sourceTree = "<group>";
		};
		967B22F2185EE19300C16B8E /* Happy images */ = {
			isa = PBXGroup;
			children = (
				967B22F3185EE1A600C16B8E /* tomato_happy_ipadhd@2x.png */,
				967B22F4185EE1A600C16B8E /* corn_happy_ipadhd@2x.png */,
				967B22F5185EE1A600C16B8E /* radish_happy_ipadhd@2x.png */,
				967B22F6185EE1A600C16B8E /* onion_happy_ipadhd@2x.png */,
				967B22F7185EE1A600C16B8E /* potato_happy_ipadhd@2x.png */,
				967B22F8185EE1A600C16B8E /* carot_happy_ipadhd@2x.png */,
				967B22F9185EE1A600C16B8E /* cucumber_happy_ipadhd@2x.png */,
				967B22FA185EE1A600C16B8E /* eggplant_happy_ipadhd@2x.png */,
			);
			name = "Happy images";
			sourceTree = "<group>";
		};
		967B230B185EE1BC00C16B8E /* Sounds */ = {
			isa = PBXGroup;
			children = (
				967B231E185EE1F600C16B8E /* emotion_happy.mp3 */,
				967B231F185EE1F600C16B8E /* emotion_disgust.mp3 */,
				967B2320185EE1F600C16B8E /* emotion_fear.mp3 */,
				967B2321185EE1F600C16B8E /* emotion_sad.mp3 */,
				967B2322185EE1F600C16B8E /* emotion_surprise.mp3 */,
				967B2323185EE1F600C16B8E /* emotion_anger.mp3 */,
			);
			name = Sounds;
			sourceTree = "<group>";
		};
		967B2330185EE30F00C16B8E /* Island Map */ = {
			isa = PBXGroup;
			children = (
				967B2331185EE31800C16B8E /* IslandMapScene.h */,
				967B2332185EE31800C16B8E /* IslandMapScene.m */,
			);
			name = "Island Map";
			sourceTree = "<group>";
		};
		967B2335185EE32400C16B8E /* Veggie Emotion */ = {
			isa = PBXGroup;
			children = (
				967B233F185EE36400C16B8E /* EmotionPageControllerScene.h */,
				967B2340185EE36400C16B8E /* EmotionPageControllerScene.m */,
				965AE99E1862BA1D00FF3D39 /* Cucumber */,
				965AE99D1862BA1B00FF3D39 /* Radish */,
				965AE99C1862BA1900FF3D39 /* Potato */,
				965AE99B1862BA1600FF3D39 /* Tomato */,
				965AE99A1862BA1400FF3D39 /* Onion */,
				965AE9991862BA1100FF3D39 /* Carrot */,
				965AE9981862BA0600FF3D39 /* Corn */,
				967B2367185EE44B00C16B8E /* Veggie Eggplant */,
			);
			name = "Veggie Emotion";
			sourceTree = "<group>";
		};
		967B2367185EE44B00C16B8E /* Veggie Eggplant */ = {
			isa = PBXGroup;
			children = (
				967B2368185EE45500C16B8E /* EggplantVeggiePage.h */,
				967B2369185EE45500C16B8E /* EggplantVeggiePage.m */,
			);
			name = "Veggie Eggplant";
			sourceTree = "<group>";
		};
/* End PBXGroup section */

/* Begin PBXNativeTarget section */
		967B21A6185EDE5000C16B8E /* ObidaoGame */ = {
			isa = PBXNativeTarget;
			buildConfigurationList = 967B21E3185EDE5000C16B8E /* Build configuration list for PBXNativeTarget "ObidaoGame" */;
			buildPhases = (
				967B21A3185EDE5000C16B8E /* Sources */,
				967B21A4185EDE5000C16B8E /* Frameworks */,
				967B21A5185EDE5000C16B8E /* Resources */,
			);
			buildRules = (
			);
			dependencies = (
			);
			name = ObidaoGame;
			productName = ObidaoGame;
			productReference = 967B21A7185EDE5000C16B8E /* ObidaoGame.app */;
			productType = "com.apple.product-type.application";
		};
		967B21D1185EDE5000C16B8E /* ObidaoGameTests */ = {
			isa = PBXNativeTarget;
			buildConfigurationList = 967B21E6185EDE5000C16B8E /* Build configuration list for PBXNativeTarget "ObidaoGameTests" */;
			buildPhases = (
				967B21CE185EDE5000C16B8E /* Sources */,
				967B21CF185EDE5000C16B8E /* Frameworks */,
				967B21D0185EDE5000C16B8E /* Resources */,
			);
			buildRules = (
			);
			dependencies = (
				967B21D8185EDE5000C16B8E /* PBXTargetDependency */,
			);
			name = ObidaoGameTests;
			productName = ObidaoGameTests;
			productReference = 967B21D2185EDE5000C16B8E /* ObidaoGameTests.xctest */;
			productType = "com.apple.product-type.bundle.unit-test";
		};
/* End PBXNativeTarget section */

/* Begin PBXProject section */
		967B219F185EDE5000C16B8E /* Project object */ = {
			isa = PBXProject;
			attributes = {
				LastUpgradeCheck = 0500;
				ORGANIZATIONNAME = "Originate Inc.";
				TargetAttributes = {
					967B21D1185EDE5000C16B8E = {
						TestTargetID = 967B21A6185EDE5000C16B8E;
					};
				};
			};
			buildConfigurationList = 967B21A2185EDE5000C16B8E /* Build configuration list for PBXProject "ObidaoGame" */;
			compatibilityVersion = "Xcode 3.2";
			developmentRegion = English;
			hasScannedForEncodings = 0;
			knownRegions = (
				en,
				Base,
			);
			mainGroup = 967B219E185EDE5000C16B8E;
			productRefGroup = 967B21A8185EDE5000C16B8E /* Products */;
			projectDirPath = "";
			projectRoot = "";
			targets = (
				967B21A6185EDE5000C16B8E /* ObidaoGame */,
				967B21D1185EDE5000C16B8E /* ObidaoGameTests */,
			);
		};
/* End PBXProject section */

/* Begin PBXResourcesBuildPhase section */
		967B21A5185EDE5000C16B8E /* Resources */ = {
			isa = PBXResourcesBuildPhase;
			buildActionMask = 2147483647;
			files = (
				967B2305185EE1A600C16B8E /* carot_happy_ipadhd@2x.png in Resources */,
				965AE96218628A4500FF3D39 /* carrot_happy.atlas in Resources */,
				965AE98218629A1400FF3D39 /* tomato_fear.atlas in Resources */,
				967B2303185EE1A600C16B8E /* potato_happy_ipadhd@2x.png in Resources */,
				967B2233185EE0E300C16B8E /* island_map_ipadhd@2x.png in Resources */,
				965AE9401862863700FF3D39 /* ina_cry.atlas in Resources */,
				967B22FD185EE1A600C16B8E /* corn_happy_ipadhd@2x.png in Resources */,
				967B232C185EE1F600C16B8E /* emotion_surprise.mp3 in Resources */,
				967B21CD185EDE5000C16B8E /* Images.xcassets in Resources */,
				965AE9411862863700FF3D39 /* ina_happy_down.atlas in Resources */,
				965AE95D1862895000FF3D39 /* onion_surprise.atlas in Resources */,
				965AE957186288A100FF3D39 /* tomato_surprise.atlas in Resources */,
				967B21C3185EDE5000C16B8E /* Main_iPad.storyboard in Resources */,
				96BDAAC118618E2200ED84E8 /* ina_paly_ball.atlas in Resources */,
				967B2246185EE10700C16B8E /* radish_netuarl@2x.png in Resources */,
				967B2326185EE1F600C16B8E /* emotion_disgust.mp3 in Resources */,
				965AE96918628A5100FF3D39 /* carrot_surprise.atlas in Resources */,
				965AE97618628AE000FF3D39 /* radish_happy_poor.atlas in Resources */,
				965AE93F1862863700FF3D39 /* ina_anger.atlas in Resources */,
				967B2231185EE0E300C16B8E /* button_back_ipadhd@2x.png in Resources */,
				965AE9431862863700FF3D39 /* ina_high.atlas in Resources */,
				965AE956186288A100FF3D39 /* tomato_happy.atlas in Resources */,
				965AE97B1862967500FF3D39 /* cattot_happy_play.atlas in Resources */,
				967B223E185EE10700C16B8E /* eggplant_netuarl@2x.png in Resources */,
				965AE95C1862895000FF3D39 /* onion_cry.atlas in Resources */,
				967B2240185EE10700C16B8E /* carrot_neutral@2x.png in Resources */,
				967B2235185EE0E400C16B8E /* background_image_radish_ipadhd@2x.png in Resources */,
				967B21C0185EDE5000C16B8E /* Main_iPhone.storyboard in Resources */,
				967B2328185EE1F600C16B8E /* emotion_fear.mp3 in Resources */,
				965AE9421862863700FF3D39 /* ina_head.atlas in Resources */,
				967B22FB185EE1A600C16B8E /* tomato_happy_ipadhd@2x.png in Resources */,
				965AE97718628AE000FF3D39 /* radish_happy.atlas in Resources */,
				965AE97418628AE000FF3D39 /* radish_eat_2.atlas in Resources */,
				967B2244185EE10700C16B8E /* foxy_neutral@2x.png in Resources */,
				967B2301185EE1A600C16B8E /* onion_happy_ipadhd@2x.png in Resources */,
				965AE96B18628A5100FF3D39 /* cattot_next_ball.atlas in Resources */,
				965AE9791862961B00FF3D39 /* ball_kinds.atlas in Resources */,
				967B2324185EE1F600C16B8E /* emotion_happy.mp3 in Resources */,
				965AE9521862888900FF3D39 /* tomato_cry.atlas in Resources */,
				965AE97318628AE000FF3D39 /* radish_eat_1.atlas in Resources */,
				967B232E185EE1F600C16B8E /* emotion_anger.mp3 in Resources */,
				965AE97D1862973900FF3D39 /* carrot_increase.atlas in Resources */,
				965AE9511862888900FF3D39 /* tomato_anger.atlas in Resources */,
				967B2307185EE1A600C16B8E /* cucumber_happy_ipadhd@2x.png in Resources */,
				967B222F185EE0E300C16B8E /* background_image_foxy_ipadhd@2x.png in Resources */,
				967B22FF185EE1A600C16B8E /* radish_happy_ipadhd@2x.png in Resources */,
				965AE96118628A4500FF3D39 /* ballon_deceare.atlas in Resources */,
				965AE96818628A5100FF3D39 /* carrot_scare.atlas in Resources */,
				967B232A185EE1F600C16B8E /* emotion_sad.mp3 in Resources */,
				967B21B7185EDE5000C16B8E /* InfoPlist.strings in Resources */,
				965AE95B1862895000FF3D39 /* onion_anger.atlas in Resources */,
				967B2309185EE1A600C16B8E /* eggplant_happy_ipadhd@2x.png in Resources */,
				965AE97218628AE000FF3D39 /* raddish_cry.atlas in Resources */,
				965AE97518628AE000FF3D39 /* radish_eat_3.atlas in Resources */,
				96BDAABF18618DD300ED84E8 /* surprise.atlas in Resources */,
				967B2242185EE10700C16B8E /* tomato_neutral@2x.png in Resources */,
			);
			runOnlyForDeploymentPostprocessing = 0;
		};
		967B21D0185EDE5000C16B8E /* Resources */ = {
			isa = PBXResourcesBuildPhase;
			buildActionMask = 2147483647;
			files = (
				967B22FC185EE1A600C16B8E /* tomato_happy_ipadhd@2x.png in Resources */,
				967B22FE185EE1A600C16B8E /* corn_happy_ipadhd@2x.png in Resources */,
				967B2308185EE1A600C16B8E /* cucumber_happy_ipadhd@2x.png in Resources */,
				967B232F185EE1F600C16B8E /* emotion_anger.mp3 in Resources */,
				967B2232185EE0E300C16B8E /* button_back_ipadhd@2x.png in Resources */,
				967B2302185EE1A600C16B8E /* onion_happy_ipadhd@2x.png in Resources */,
				967B223F185EE10700C16B8E /* eggplant_netuarl@2x.png in Resources */,
				967B232D185EE1F600C16B8E /* emotion_surprise.mp3 in Resources */,
				967B230A185EE1A600C16B8E /* eggplant_happy_ipadhd@2x.png in Resources */,
				967B2234185EE0E400C16B8E /* island_map_ipadhd@2x.png in Resources */,
				967B2329185EE1F600C16B8E /* emotion_fear.mp3 in Resources */,
				967B2243185EE10700C16B8E /* tomato_neutral@2x.png in Resources */,
				967B2247185EE10700C16B8E /* radish_netuarl@2x.png in Resources */,
				967B232B185EE1F600C16B8E /* emotion_sad.mp3 in Resources */,
				967B2325185EE1F600C16B8E /* emotion_happy.mp3 in Resources */,
				967B2327185EE1F600C16B8E /* emotion_disgust.mp3 in Resources */,
				967B2245185EE10700C16B8E /* foxy_neutral@2x.png in Resources */,
				967B2306185EE1A600C16B8E /* carot_happy_ipadhd@2x.png in Resources */,
				967B2230185EE0E300C16B8E /* background_image_foxy_ipadhd@2x.png in Resources */,
				967B2241185EE10700C16B8E /* carrot_neutral@2x.png in Resources */,
				967B2300185EE1A600C16B8E /* radish_happy_ipadhd@2x.png in Resources */,
				967B21DE185EDE5000C16B8E /* InfoPlist.strings in Resources */,
				967B2236185EE0E400C16B8E /* background_image_radish_ipadhd@2x.png in Resources */,
				967B2304185EE1A600C16B8E /* potato_happy_ipadhd@2x.png in Resources */,
			);
			runOnlyForDeploymentPostprocessing = 0;
		};
/* End PBXResourcesBuildPhase section */

/* Begin PBXSourcesBuildPhase section */
		967B21A3185EDE5000C16B8E /* Sources */ = {
			isa = PBXSourcesBuildPhase;
			buildActionMask = 2147483647;
			files = (
				967B2227185EE07800C16B8E /* SoundString.m in Sources */,
				967B21F7185EDFF800C16B8E /* Inhabitant.m in Sources */,
				967B2333185EE31800C16B8E /* IslandMapScene.m in Sources */,
				965AE9941862B99900FF3D39 /* TomotoVeggiePage.m in Sources */,
				965AE9961862B99900FF3D39 /* RadishVeggiePage.m in Sources */,
				967B221F185EE07800C16B8E /* CoordinateSystem.m in Sources */,
				967B21C9185EDE5000C16B8E /* MyScene.m in Sources */,
				965AE980186297E600FF3D39 /* SKAction+Helper.m in Sources */,
				965AE9951862B99900FF3D39 /* PotatoVeggiePage.m in Sources */,
				9656B334186411C0004B39E4 /* UITouch+FingerTouch.m in Sources */,
				965AE9931862B99900FF3D39 /* OnionVeggiePage.m in Sources */,
				967B2221185EE07800C16B8E /* ImageNameString.m in Sources */,
				965AE9911862B99900FF3D39 /* CornVeggiePage.m in Sources */,
				967B2225185EE07800C16B8E /* ScreenScaleFactor.m in Sources */,
				967B220A185EE05200C16B8E /* CCSprite+SpriteTransparency.m in Sources */,
				967B21FF185EE00B00C16B8E /* FingerMoveDirection.m in Sources */,
				967B21FD185EE00B00C16B8E /* ObidaoIsland.m in Sources */,
				967B2341185EE36400C16B8E /* EmotionPageControllerScene.m in Sources */,
				967B21F3185EDFF800C16B8E /* Emotion.m in Sources */,
				967B21C6185EDE5000C16B8E /* ViewController.m in Sources */,
				967B236A185EE45500C16B8E /* EggplantVeggiePage.m in Sources */,
				967B21BD185EDE5000C16B8E /* AppDelegate.m in Sources */,
				967B2223185EE07800C16B8E /* MathTool.m in Sources */,
				9656B33118640014004B39E4 /* MyAVAudioPlayer.m in Sources */,
				967B21B9185EDE5000C16B8E /* main.m in Sources */,
				965AE9921862B99900FF3D39 /* CarotVeegiePage.m in Sources */,
				965AE9971862B99900FF3D39 /* CucumberVeggiePage.m in Sources */,
			);
			runOnlyForDeploymentPostprocessing = 0;
		};
		967B21CE185EDE5000C16B8E /* Sources */ = {
			isa = PBXSourcesBuildPhase;
			buildActionMask = 2147483647;
			files = (
				967B21E0185EDE5000C16B8E /* ObidaoGameTests.m in Sources */,
				967B2342185EE36400C16B8E /* EmotionPageControllerScene.m in Sources */,
				967B2226185EE07800C16B8E /* ScreenScaleFactor.m in Sources */,
				967B2334185EE31800C16B8E /* IslandMapScene.m in Sources */,
				967B236B185EE45500C16B8E /* EggplantVeggiePage.m in Sources */,
				967B220B185EE05200C16B8E /* CCSprite+SpriteTransparency.m in Sources */,
				967B2228185EE07800C16B8E /* SoundString.m in Sources */,
				967B21F8185EDFF800C16B8E /* Inhabitant.m in Sources */,
				967B21FE185EE00B00C16B8E /* ObidaoIsland.m in Sources */,
				967B2224185EE07800C16B8E /* MathTool.m in Sources */,
				967B21F4185EDFF800C16B8E /* Emotion.m in Sources */,
				967B2222185EE07800C16B8E /* ImageNameString.m in Sources */,
				967B2220185EE07800C16B8E /* CoordinateSystem.m in Sources */,
				967B2200185EE00B00C16B8E /* FingerMoveDirection.m in Sources */,
			);
			runOnlyForDeploymentPostprocessing = 0;
		};
/* End PBXSourcesBuildPhase section */

/* Begin PBXTargetDependency section */
		967B21D8185EDE5000C16B8E /* PBXTargetDependency */ = {
			isa = PBXTargetDependency;
			target = 967B21A6185EDE5000C16B8E /* ObidaoGame */;
			targetProxy = 967B21D7185EDE5000C16B8E /* PBXContainerItemProxy */;
		};
/* End PBXTargetDependency section */

/* Begin PBXVariantGroup section */
		967B21B5185EDE5000C16B8E /* InfoPlist.strings */ = {
			isa = PBXVariantGroup;
			children = (
				967B21B6185EDE5000C16B8E /* en */,
			);
			name = InfoPlist.strings;
			sourceTree = "<group>";
		};
		967B21BE185EDE5000C16B8E /* Main_iPhone.storyboard */ = {
			isa = PBXVariantGroup;
			children = (
				967B21BF185EDE5000C16B8E /* Base */,
			);
			name = Main_iPhone.storyboard;
			sourceTree = "<group>";
		};
		967B21C1185EDE5000C16B8E /* Main_iPad.storyboard */ = {
			isa = PBXVariantGroup;
			children = (
				967B21C2185EDE5000C16B8E /* Base */,
			);
			name = Main_iPad.storyboard;
			sourceTree = "<group>";
		};
		967B21DC185EDE5000C16B8E /* InfoPlist.strings */ = {
			isa = PBXVariantGroup;
			children = (
				967B21DD185EDE5000C16B8E /* en */,
			);
			name = InfoPlist.strings;
			sourceTree = "<group>";
		};
/* End PBXVariantGroup section */

/* Begin XCBuildConfiguration section */
		967B21E1185EDE5000C16B8E /* Debug */ = {
			isa = XCBuildConfiguration;
			buildSettings = {
				ALWAYS_SEARCH_USER_PATHS = NO;
				ARCHS = "$(ARCHS_STANDARD_INCLUDING_64_BIT)";
				CLANG_CXX_LANGUAGE_STANDARD = "gnu++0x";
				CLANG_CXX_LIBRARY = "libc++";
				CLANG_ENABLE_MODULES = YES;
				CLANG_ENABLE_OBJC_ARC = YES;
				CLANG_WARN_BOOL_CONVERSION = YES;
				CLANG_WARN_CONSTANT_CONVERSION = YES;
				CLANG_WARN_DIRECT_OBJC_ISA_USAGE = YES_ERROR;
				CLANG_WARN_EMPTY_BODY = YES;
				CLANG_WARN_ENUM_CONVERSION = YES;
				CLANG_WARN_INT_CONVERSION = YES;
				CLANG_WARN_OBJC_ROOT_CLASS = YES_ERROR;
				CLANG_WARN__DUPLICATE_METHOD_MATCH = YES;
				"CODE_SIGN_IDENTITY[sdk=iphoneos*]" = "iPhone Developer";
				COPY_PHASE_STRIP = NO;
				GCC_C_LANGUAGE_STANDARD = gnu99;
				GCC_DYNAMIC_NO_PIC = NO;
				GCC_OPTIMIZATION_LEVEL = 0;
				GCC_PREPROCESSOR_DEFINITIONS = (
					"DEBUG=1",
					"$(inherited)",
				);
				GCC_SYMBOLS_PRIVATE_EXTERN = NO;
				GCC_WARN_64_TO_32_BIT_CONVERSION = YES;
				GCC_WARN_ABOUT_RETURN_TYPE = YES_ERROR;
				GCC_WARN_UNDECLARED_SELECTOR = YES;
				GCC_WARN_UNINITIALIZED_AUTOS = YES;
				GCC_WARN_UNUSED_FUNCTION = YES;
				GCC_WARN_UNUSED_VARIABLE = YES;
				IPHONEOS_DEPLOYMENT_TARGET = 7.0;
				ONLY_ACTIVE_ARCH = YES;
				SDKROOT = iphoneos;
				TARGETED_DEVICE_FAMILY = "1,2";
			};
			name = Debug;
		};
		967B21E2185EDE5000C16B8E /* Release */ = {
			isa = XCBuildConfiguration;
			buildSettings = {
				ALWAYS_SEARCH_USER_PATHS = NO;
				ARCHS = "$(ARCHS_STANDARD_INCLUDING_64_BIT)";
				CLANG_CXX_LANGUAGE_STANDARD = "gnu++0x";
				CLANG_CXX_LIBRARY = "libc++";
				CLANG_ENABLE_MODULES = YES;
				CLANG_ENABLE_OBJC_ARC = YES;
				CLANG_WARN_BOOL_CONVERSION = YES;
				CLANG_WARN_CONSTANT_CONVERSION = YES;
				CLANG_WARN_DIRECT_OBJC_ISA_USAGE = YES_ERROR;
				CLANG_WARN_EMPTY_BODY = YES;
				CLANG_WARN_ENUM_CONVERSION = YES;
				CLANG_WARN_INT_CONVERSION = YES;
				CLANG_WARN_OBJC_ROOT_CLASS = YES_ERROR;
				CLANG_WARN__DUPLICATE_METHOD_MATCH = YES;
				"CODE_SIGN_IDENTITY[sdk=iphoneos*]" = "iPhone Developer";
				COPY_PHASE_STRIP = YES;
				ENABLE_NS_ASSERTIONS = NO;
				GCC_C_LANGUAGE_STANDARD = gnu99;
				GCC_WARN_64_TO_32_BIT_CONVERSION = YES;
				GCC_WARN_ABOUT_RETURN_TYPE = YES_ERROR;
				GCC_WARN_UNDECLARED_SELECTOR = YES;
				GCC_WARN_UNINITIALIZED_AUTOS = YES;
				GCC_WARN_UNUSED_FUNCTION = YES;
				GCC_WARN_UNUSED_VARIABLE = YES;
				IPHONEOS_DEPLOYMENT_TARGET = 7.0;
				SDKROOT = iphoneos;
				TARGETED_DEVICE_FAMILY = "1,2";
				VALIDATE_PRODUCT = YES;
			};
			name = Release;
		};
		967B21E4185EDE5000C16B8E /* Debug */ = {
			isa = XCBuildConfiguration;
			buildSettings = {
				ASSETCATALOG_COMPILER_APPICON_NAME = AppIcon;
				ASSETCATALOG_COMPILER_LAUNCHIMAGE_NAME = LaunchImage;
				GCC_PRECOMPILE_PREFIX_HEADER = YES;
				GCC_PREFIX_HEADER = "ObidaoGame/ObidaoGame-Prefix.pch";
				INFOPLIST_FILE = "ObidaoGame/ObidaoGame-Info.plist";
				PRODUCT_NAME = "$(TARGET_NAME)";
				SPRITEKIT_TEXTURE_ATLAS_OUTPUT = YES;
				WRAPPER_EXTENSION = app;
			};
			name = Debug;
		};
		967B21E5185EDE5000C16B8E /* Release */ = {
			isa = XCBuildConfiguration;
			buildSettings = {
				ASSETCATALOG_COMPILER_APPICON_NAME = AppIcon;
				ASSETCATALOG_COMPILER_LAUNCHIMAGE_NAME = LaunchImage;
				GCC_PRECOMPILE_PREFIX_HEADER = YES;
				GCC_PREFIX_HEADER = "ObidaoGame/ObidaoGame-Prefix.pch";
				INFOPLIST_FILE = "ObidaoGame/ObidaoGame-Info.plist";
				PRODUCT_NAME = "$(TARGET_NAME)";
				SPRITEKIT_TEXTURE_ATLAS_OUTPUT = YES;
				WRAPPER_EXTENSION = app;
			};
			name = Release;
		};
		967B21E7185EDE5000C16B8E /* Debug */ = {
			isa = XCBuildConfiguration;
			buildSettings = {
				ARCHS = "$(ARCHS_STANDARD_INCLUDING_64_BIT)";
				BUNDLE_LOADER = "$(BUILT_PRODUCTS_DIR)/ObidaoGame.app/ObidaoGame";
				FRAMEWORK_SEARCH_PATHS = (
					"$(SDKROOT)/Developer/Library/Frameworks",
					"$(inherited)",
					"$(DEVELOPER_FRAMEWORKS_DIR)",
				);
				GCC_PRECOMPILE_PREFIX_HEADER = YES;
				GCC_PREFIX_HEADER = "ObidaoGame/ObidaoGame-Prefix.pch";
				GCC_PREPROCESSOR_DEFINITIONS = (
					"DEBUG=1",
					"$(inherited)",
				);
				INFOPLIST_FILE = "ObidaoGameTests/ObidaoGameTests-Info.plist";
				PRODUCT_NAME = "$(TARGET_NAME)";
				TEST_HOST = "$(BUNDLE_LOADER)";
				WRAPPER_EXTENSION = xctest;
			};
			name = Debug;
		};
		967B21E8185EDE5000C16B8E /* Release */ = {
			isa = XCBuildConfiguration;
			buildSettings = {
				ARCHS = "$(ARCHS_STANDARD_INCLUDING_64_BIT)";
				BUNDLE_LOADER = "$(BUILT_PRODUCTS_DIR)/ObidaoGame.app/ObidaoGame";
				FRAMEWORK_SEARCH_PATHS = (
					"$(SDKROOT)/Developer/Library/Frameworks",
					"$(inherited)",
					"$(DEVELOPER_FRAMEWORKS_DIR)",
				);
				GCC_PRECOMPILE_PREFIX_HEADER = YES;
				GCC_PREFIX_HEADER = "ObidaoGame/ObidaoGame-Prefix.pch";
				INFOPLIST_FILE = "ObidaoGameTests/ObidaoGameTests-Info.plist";
				PRODUCT_NAME = "$(TARGET_NAME)";
				TEST_HOST = "$(BUNDLE_LOADER)";
				WRAPPER_EXTENSION = xctest;
			};
			name = Release;
		};
/* End XCBuildConfiguration section */

/* Begin XCConfigurationList section */
		967B21A2185EDE5000C16B8E /* Build configuration list for PBXProject "ObidaoGame" */ = {
			isa = XCConfigurationList;
			buildConfigurations = (
				967B21E1185EDE5000C16B8E /* Debug */,
				967B21E2185EDE5000C16B8E /* Release */,
			);
			defaultConfigurationIsVisible = 0;
			defaultConfigurationName = Release;
		};
		967B21E3185EDE5000C16B8E /* Build configuration list for PBXNativeTarget "ObidaoGame" */ = {
			isa = XCConfigurationList;
			buildConfigurations = (
				967B21E4185EDE5000C16B8E /* Debug */,
				967B21E5185EDE5000C16B8E /* Release */,
			);
			defaultConfigurationIsVisible = 0;
			defaultConfigurationName = Release;
		};
		967B21E6185EDE5000C16B8E /* Build configuration list for PBXNativeTarget "ObidaoGameTests" */ = {
			isa = XCConfigurationList;
			buildConfigurations = (
				967B21E7185EDE5000C16B8E /* Debug */,
				967B21E8185EDE5000C16B8E /* Release */,
			);
			defaultConfigurationIsVisible = 0;
			defaultConfigurationName = Release;
		};
/* End XCConfigurationList section */
	};
	rootObject = 967B219F185EDE5000C16B8E /* Project object */;
}
